{
  "originHash" : "4b1cb7f7509cff1e0f34d3ffcfb7f9eeee63478e69757973fe81757e5eabf4cc",
  "pins" : [
    {
      "identity" : "alamofire",
      "kind" : "remoteSourceControl",
      "location" : "https://github.com/Alamofire/Alamofire.git",
      "state" : {
        "revision" : "513364f870f6bfc468f9d2ff0a95caccc10044c5",
        "version" : "5.10.2"
      }
    },
    {
      "identity" : "irplayer-swift",
      "kind" : "remoteSourceControl",
      "location" : "https://github.com/irons163/IRPlayer-swift",
      "state" : {
        "revision" : "1489ac3e2fd4c3d7999e02e43b0176ebe3910236",
        "version" : "0.5.0"
      }
    }
  ],
  "version" : 3
}
