{
  "originHash" : "4b1cb7f7509cff1e0f34d3ffcfb7f9eeee63478e69757973fe81757e5eabf4cc",
  "pins" : [
    {
      "identity" : "alamofire",
      "kind" : "remoteSourceControl",
      "location" : "https://github.com/Alamofire/Alamofire.git",
      "state" : {
        "revision" : "3f99050e75bbc6fe71fc323adabb039756680016",
        "version" : "5.11.1"
      }
    },
    {
      "identity" : "irplayer-swift",
      "kind" : "remoteSourceControl",
      "location" : "https://github.com/irons163/IRPlayer-swift",
      "state" : {
        "revision" : "a8868b58c34ab227ffcc3ac6d2bb0ced3b91bee3",
        "version" : "1.0.0"
      }
    }
  ],
  "version" : 3
}
